
Microsoft Visual Studio Solution File, Format Version 12.00
# Visual Studio Version 16
VisualStudioVersion = 16.0.29519.87
MinimumVisualStudioVersion = 10.0.40219.1
Project("{FAE04EC0-301F-11D3-BF4B-00C04F79EFBC}") = "Microservico_Crud", "Microservico_Crud.csproj", "{2530CA8F-4C62-481A-A566-AD3FC76442E1}"
EndProject
Global
	GlobalSection(SolutionConfigurationPlatforms) = preSolution
		Debug|Any CPU = Debug|Any CPU
		Release|Any CPU = Release|Any CPU
	EndGlobalSection
	GlobalSection(ProjectConfigurationPlatforms) = postSolution
		{2530CA8F-4C62-481A-A566-AD3FC76442E1}.Debug|Any CPU.ActiveCfg = Debug|Any CPU
		{2530CA8F-4C62-481A-A566-AD3FC76442E1}.Debug|Any CPU.Build.0 = Debug|Any CPU
		{2530CA8F-4C62-481A-A566-AD3FC76442E1}.Release|Any CPU.ActiveCfg = Release|Any CPU
		{2530CA8F-4C62-481A-A566-AD3FC76442E1}.Release|Any CPU.Build.0 = Release|Any CPU
	EndGlobalSection
	GlobalSection(SolutionProperties) = preSolution
		HideSolutionNode = FALSE
	EndGlobalSection
	GlobalSection(ExtensibilityGlobals) = postSolution
		SolutionGuid = {6DE19530-9F36-43E4-8B9B-32656009C584}
	EndGlobalSection
EndGlobal
